
Microsoft Visual Studio Solution File, Format Version 12.00
# Visual Studio 2012
Project("{FAE04EC0-301F-11D3-BF4B-00C04F79EFBC}") = "MetaInformationLoader", "source\Sumo_MetaInformationLoading\MetaInformationLoader.csproj", "{7161608D-7526-4A0B-A575-5ADEFBF577E5}"
EndProject
Project("{FAE04EC0-301F-11D3-BF4B-00C04F79EFBC}") = "MetaInformationLoader.Tests", "source\Sumo_MetaInformationLoading.Tests\MetaInformationLoader.Tests.csproj", "{0E73EC5A-ED28-4B95-8B45-7300C02B3CAE}"
EndProject
Project("{FAE04EC0-301F-11D3-BF4B-00C04F79EFBC}") = "DataBase", "source\DataBase\DataBase.csproj", "{029362CC-BB87-45D7-BC45-4DD3CF9CD8D1}"
EndProject
Project("{FAE04EC0-301F-11D3-BF4B-00C04F79EFBC}") = "DataBase.Test", "source\DataBase.Test\DataBase.Test.csproj", "{3F41D1FE-AE75-40A8-B429-47723E363B51}"
EndProject
Project("{FAE04EC0-301F-11D3-BF4B-00C04F79EFBC}") = "Sumo.API", "source\Sumo.API\Sumo.API.csproj", "{FEB2FAB1-3F61-47BE-9041-1CD2720413D3}"
EndProject
Project("{FAE04EC0-301F-11D3-BF4B-00C04F79EFBC}") = "FileSystemObserver", "source\FileSystemObserver\FileSystemObserver.csproj", "{50EB3005-4E62-4F1F-BFD3-942CD065C232}"
EndProject
Project("{FAE04EC0-301F-11D3-BF4B-00C04F79EFBC}") = "XmlParsing", "XmlParsing\XmlParsing.csproj", "{9919BBE0-6350-4446-8282-0492AD0F72DB}"
EndProject
Project("{FAE04EC0-301F-11D3-BF4B-00C04F79EFBC}") = "XmlParsing.Tests", "XmlParsing.Tests\XmlParsing.Tests.csproj", "{35EC4439-3D63-4547-9F60-B0AB476C34C1}"
EndProject
Global
	GlobalSection(SolutionConfigurationPlatforms) = preSolution
		Debug|Any CPU = Debug|Any CPU
		Release|Any CPU = Release|Any CPU
	EndGlobalSection
	GlobalSection(ProjectConfigurationPlatforms) = postSolution
		{7161608D-7526-4A0B-A575-5ADEFBF577E5}.Debug|Any CPU.ActiveCfg = Debug|Any CPU
		{7161608D-7526-4A0B-A575-5ADEFBF577E5}.Debug|Any CPU.Build.0 = Debug|Any CPU
		{7161608D-7526-4A0B-A575-5ADEFBF577E5}.Release|Any CPU.ActiveCfg = Release|Any CPU
		{7161608D-7526-4A0B-A575-5ADEFBF577E5}.Release|Any CPU.Build.0 = Release|Any CPU
		{0E73EC5A-ED28-4B95-8B45-7300C02B3CAE}.Debug|Any CPU.ActiveCfg = Debug|Any CPU
		{0E73EC5A-ED28-4B95-8B45-7300C02B3CAE}.Debug|Any CPU.Build.0 = Debug|Any CPU
		{0E73EC5A-ED28-4B95-8B45-7300C02B3CAE}.Release|Any CPU.ActiveCfg = Release|Any CPU
		{0E73EC5A-ED28-4B95-8B45-7300C02B3CAE}.Release|Any CPU.Build.0 = Release|Any CPU
		{029362CC-BB87-45D7-BC45-4DD3CF9CD8D1}.Debug|Any CPU.ActiveCfg = Debug|Any CPU
		{029362CC-BB87-45D7-BC45-4DD3CF9CD8D1}.Debug|Any CPU.Build.0 = Debug|Any CPU
		{029362CC-BB87-45D7-BC45-4DD3CF9CD8D1}.Release|Any CPU.ActiveCfg = Release|Any CPU
		{029362CC-BB87-45D7-BC45-4DD3CF9CD8D1}.Release|Any CPU.Build.0 = Release|Any CPU
		{3F41D1FE-AE75-40A8-B429-47723E363B51}.Debug|Any CPU.ActiveCfg = Debug|Any CPU
		{3F41D1FE-AE75-40A8-B429-47723E363B51}.Debug|Any CPU.Build.0 = Debug|Any CPU
		{3F41D1FE-AE75-40A8-B429-47723E363B51}.Release|Any CPU.ActiveCfg = Release|Any CPU
		{3F41D1FE-AE75-40A8-B429-47723E363B51}.Release|Any CPU.Build.0 = Release|Any CPU
		{FEB2FAB1-3F61-47BE-9041-1CD2720413D3}.Debug|Any CPU.ActiveCfg = Debug|Any CPU
		{FEB2FAB1-3F61-47BE-9041-1CD2720413D3}.Debug|Any CPU.Build.0 = Debug|Any CPU
		{FEB2FAB1-3F61-47BE-9041-1CD2720413D3}.Release|Any CPU.ActiveCfg = Release|Any CPU
		{FEB2FAB1-3F61-47BE-9041-1CD2720413D3}.Release|Any CPU.Build.0 = Release|Any CPU
		{50EB3005-4E62-4F1F-BFD3-942CD065C232}.Debug|Any CPU.ActiveCfg = Debug|Any CPU
		{50EB3005-4E62-4F1F-BFD3-942CD065C232}.Debug|Any CPU.Build.0 = Debug|Any CPU
		{50EB3005-4E62-4F1F-BFD3-942CD065C232}.Release|Any CPU.ActiveCfg = Release|Any CPU
		{50EB3005-4E62-4F1F-BFD3-942CD065C232}.Release|Any CPU.Build.0 = Release|Any CPU
		{9919BBE0-6350-4446-8282-0492AD0F72DB}.Debug|Any CPU.ActiveCfg = Debug|Any CPU
		{9919BBE0-6350-4446-8282-0492AD0F72DB}.Debug|Any CPU.Build.0 = Debug|Any CPU
		{9919BBE0-6350-4446-8282-0492AD0F72DB}.Release|Any CPU.ActiveCfg = Release|Any CPU
		{9919BBE0-6350-4446-8282-0492AD0F72DB}.Release|Any CPU.Build.0 = Release|Any CPU
		{35EC4439-3D63-4547-9F60-B0AB476C34C1}.Debug|Any CPU.ActiveCfg = Debug|Any CPU
		{35EC4439-3D63-4547-9F60-B0AB476C34C1}.Debug|Any CPU.Build.0 = Debug|Any CPU
		{35EC4439-3D63-4547-9F60-B0AB476C34C1}.Release|Any CPU.ActiveCfg = Release|Any CPU
		{35EC4439-3D63-4547-9F60-B0AB476C34C1}.Release|Any CPU.Build.0 = Release|Any CPU
	EndGlobalSection
	GlobalSection(SolutionProperties) = preSolution
		HideSolutionNode = FALSE
	EndGlobalSection
EndGlobal
