
Microsoft Visual Studio Solution File, Format Version 12.00
# Visual Studio 2013
VisualStudioVersion = 12.0.21005.1
MinimumVisualStudioVersion = 10.0.40219.1
Project("{FAE04EC0-301F-11D3-BF4B-00C04F79EFBC}") = "MetaLoader", "source\Sumo_MetaInformationLoading\MetaLoader.csproj", "{7161608D-7526-4A0B-A575-5ADEFBF577E5}"
EndProject
Project("{FAE04EC0-301F-11D3-BF4B-00C04F79EFBC}") = "MetaInformationLoader.Tests", "source\Sumo_MetaInformationLoading.Tests\MetaInformationLoader.Tests.csproj", "{0F1AE509-CA57-40A4-8DB9-38DA151F580C}"
EndProject
Project("{FAE04EC0-301F-11D3-BF4B-00C04F79EFBC}") = "DataBase", "source\DataBase\DataBase.csproj", "{029362CC-BB87-45D7-BC45-4DD3CF9CD8D1}"
EndProject
Project("{FAE04EC0-301F-11D3-BF4B-00C04F79EFBC}") = "DataBase.Test", "source\DataBase.Test\DataBase.Test.csproj", "{3F41D1FE-AE75-40A8-B429-47723E363B51}"
EndProject
Project("{FAE04EC0-301F-11D3-BF4B-00C04F79EFBC}") = "Sumo.API", "source\Sumo.API\Sumo.API.csproj", "{FEB2FAB1-3F61-47BE-9041-1CD2720413D3}"
EndProject
Project("{FAE04EC0-301F-11D3-BF4B-00C04F79EFBC}") = "FileSystemObserver", "source\FileSystemObserver\FileSystemObserver.csproj", "{50EB3005-4E62-4F1F-BFD3-942CD065C232}"
EndProject
Project("{FAE04EC0-301F-11D3-BF4B-00C04F79EFBC}") = "XmlParsing", "source\XmlParsing\XmlParsing.csproj", "{9919BBE0-6350-4446-8282-0492AD0F72DB}"
EndProject
Project("{FAE04EC0-301F-11D3-BF4B-00C04F79EFBC}") = "XmlParsing.Tests", "source\XmlParsing.Tests\XmlParsing.Tests.csproj", "{35EC4439-3D63-4547-9F60-B0AB476C34C1}"
EndProject
Project("{FAE04EC0-301F-11D3-BF4B-00C04F79EFBC}") = "VisualSumoWPF", "source\VisualSumoWPF\VisualSumoWPF.csproj", "{6EC7B767-2E64-4C10-84A4-64291B4B6CE0}"
EndProject
Project("{FAE04EC0-301F-11D3-BF4B-00C04F79EFBC}") = "NumberGuessWorkflowActivities", "source\WorkFlow\NumberGuessWorkflowActivities\NumberGuessWorkflowActivities.csproj", "{4A821F91-0DF8-456D-962A-3DC8F08DDBB7}"
EndProject
Project("{FAE04EC0-301F-11D3-BF4B-00C04F79EFBC}") = "NumberGuessWorkflowHost", "source\WorkFlow\NumberGuessWorkflowHost\NumberGuessWorkflowHost.csproj", "{D121853D-B09A-4C35-BE0C-218D14CC52B1}"
EndProject
Project("{2150E333-8FDC-42A3-9474-1A3956D46DE8}") = "Workflow", "Workflow", "{4886653A-D73D-49A3-938D-1494D8D72EDC}"
EndProject
Project("{FAE04EC0-301F-11D3-BF4B-00C04F79EFBC}") = "MetaObtainer", "source\WorkFlow\MetaObtainer\MetaObtainer.csproj", "{43575EA4-81F1-4B17-ADAA-7CC27E460517}"
EndProject
Project("{FAE04EC0-301F-11D3-BF4B-00C04F79EFBC}") = "PrimitiveMetaObtainingSequenceActivity", "source\WorkFlow\PrimitiveMetaObtainingSequenceActivity\PrimitiveMetaObtainingSequenceActivity.csproj", "{CED67D90-9B6B-4810-A070-B295E50EBE7A}"
EndProject
Project("{2150E333-8FDC-42A3-9474-1A3956D46DE8}") = "WCF", "WCF", "{BA299CDD-413E-4361-B50F-04A526C7B080}"
EndProject
Project("{FAE04EC0-301F-11D3-BF4B-00C04F79EFBC}") = "Monitor", "source\Monitor\Monitor.csproj", "{5AD36948-1B9C-4810-B932-6823A87C014C}"
EndProject
Project("{FAE04EC0-301F-11D3-BF4B-00C04F79EFBC}") = "BookDbManager", "source\BookDbManager\BookDbManager.csproj", "{57EE79F9-F718-42F6-8273-F261F18D4472}"
EndProject
Project("{FAE04EC0-301F-11D3-BF4B-00C04F79EFBC}") = "BookDbManagerWCFService", "source\BookDbManagerWCFService\BookDbManagerWCFService.csproj", "{FF50703C-6205-42A0-9EA0-6D12D84FADB2}"
EndProject
Project("{FAE04EC0-301F-11D3-BF4B-00C04F79EFBC}") = "Coordinator", "source\Coordinator\Coordinator.csproj", "{676EC934-0BB1-449D-94FD-896C43C0AAC7}"
EndProject
Project("{FAE04EC0-301F-11D3-BF4B-00C04F79EFBC}") = "DBLoader", "source\DBLoader\DBLoader.csproj", "{10A9BA9E-DBDE-48DF-ACCA-3869ADC29D3D}"
EndProject
Project("{FAE04EC0-301F-11D3-BF4B-00C04F79EFBC}") = "XmlBookConvert", "source\XmlBookConvert\XmlBookConvert.csproj", "{6E5BBB20-6224-4C33-9946-6735F8206806}"
EndProject
Project("{FAE04EC0-301F-11D3-BF4B-00C04F79EFBC}") = "XmlBookConvert.Tests", "source\XmlBookConvert.Tests\XmlBookConvert.Tests.csproj", "{80E38543-87F6-4ADA-A419-B46E65AF8C5E}"
EndProject
Global
	GlobalSection(SolutionConfigurationPlatforms) = preSolution
		Debug|Any CPU = Debug|Any CPU
		Debug|Mixed Platforms = Debug|Mixed Platforms
		Debug|x86 = Debug|x86
		Release|Any CPU = Release|Any CPU
		Release|Mixed Platforms = Release|Mixed Platforms
		Release|x86 = Release|x86
	EndGlobalSection
	GlobalSection(ProjectConfigurationPlatforms) = postSolution
		{7161608D-7526-4A0B-A575-5ADEFBF577E5}.Debug|Any CPU.ActiveCfg = Debug|Any CPU
		{7161608D-7526-4A0B-A575-5ADEFBF577E5}.Debug|Any CPU.Build.0 = Debug|Any CPU
		{7161608D-7526-4A0B-A575-5ADEFBF577E5}.Debug|Mixed Platforms.ActiveCfg = Debug|Any CPU
		{7161608D-7526-4A0B-A575-5ADEFBF577E5}.Debug|Mixed Platforms.Build.0 = Debug|Any CPU
		{7161608D-7526-4A0B-A575-5ADEFBF577E5}.Debug|x86.ActiveCfg = Debug|Any CPU
		{7161608D-7526-4A0B-A575-5ADEFBF577E5}.Release|Any CPU.ActiveCfg = Release|Any CPU
		{7161608D-7526-4A0B-A575-5ADEFBF577E5}.Release|Any CPU.Build.0 = Release|Any CPU
		{7161608D-7526-4A0B-A575-5ADEFBF577E5}.Release|Mixed Platforms.ActiveCfg = Release|Any CPU
		{7161608D-7526-4A0B-A575-5ADEFBF577E5}.Release|Mixed Platforms.Build.0 = Release|Any CPU
		{7161608D-7526-4A0B-A575-5ADEFBF577E5}.Release|x86.ActiveCfg = Release|Any CPU
		{0F1AE509-CA57-40A4-8DB9-38DA151F580C}.Debug|Any CPU.ActiveCfg = Debug|Any CPU
		{0F1AE509-CA57-40A4-8DB9-38DA151F580C}.Debug|Any CPU.Build.0 = Debug|Any CPU
		{0F1AE509-CA57-40A4-8DB9-38DA151F580C}.Debug|Mixed Platforms.ActiveCfg = Debug|Any CPU
		{0F1AE509-CA57-40A4-8DB9-38DA151F580C}.Debug|Mixed Platforms.Build.0 = Debug|Any CPU
		{0F1AE509-CA57-40A4-8DB9-38DA151F580C}.Debug|x86.ActiveCfg = Debug|Any CPU
		{0F1AE509-CA57-40A4-8DB9-38DA151F580C}.Release|Any CPU.ActiveCfg = Release|Any CPU
		{0F1AE509-CA57-40A4-8DB9-38DA151F580C}.Release|Any CPU.Build.0 = Release|Any CPU
		{0F1AE509-CA57-40A4-8DB9-38DA151F580C}.Release|Mixed Platforms.ActiveCfg = Release|Any CPU
		{0F1AE509-CA57-40A4-8DB9-38DA151F580C}.Release|Mixed Platforms.Build.0 = Release|Any CPU
		{0F1AE509-CA57-40A4-8DB9-38DA151F580C}.Release|x86.ActiveCfg = Release|Any CPU
		{029362CC-BB87-45D7-BC45-4DD3CF9CD8D1}.Debug|Any CPU.ActiveCfg = Debug|Any CPU
		{029362CC-BB87-45D7-BC45-4DD3CF9CD8D1}.Debug|Any CPU.Build.0 = Debug|Any CPU
		{029362CC-BB87-45D7-BC45-4DD3CF9CD8D1}.Debug|Mixed Platforms.ActiveCfg = Debug|Any CPU
		{029362CC-BB87-45D7-BC45-4DD3CF9CD8D1}.Debug|Mixed Platforms.Build.0 = Debug|Any CPU
		{029362CC-BB87-45D7-BC45-4DD3CF9CD8D1}.Debug|x86.ActiveCfg = Debug|Any CPU
		{029362CC-BB87-45D7-BC45-4DD3CF9CD8D1}.Release|Any CPU.ActiveCfg = Release|Any CPU
		{029362CC-BB87-45D7-BC45-4DD3CF9CD8D1}.Release|Any CPU.Build.0 = Release|Any CPU
		{029362CC-BB87-45D7-BC45-4DD3CF9CD8D1}.Release|Mixed Platforms.ActiveCfg = Release|Any CPU
		{029362CC-BB87-45D7-BC45-4DD3CF9CD8D1}.Release|Mixed Platforms.Build.0 = Release|Any CPU
		{029362CC-BB87-45D7-BC45-4DD3CF9CD8D1}.Release|x86.ActiveCfg = Release|Any CPU
		{3F41D1FE-AE75-40A8-B429-47723E363B51}.Debug|Any CPU.ActiveCfg = Debug|Any CPU
		{3F41D1FE-AE75-40A8-B429-47723E363B51}.Debug|Any CPU.Build.0 = Debug|Any CPU
		{3F41D1FE-AE75-40A8-B429-47723E363B51}.Debug|Mixed Platforms.ActiveCfg = Debug|Any CPU
		{3F41D1FE-AE75-40A8-B429-47723E363B51}.Debug|Mixed Platforms.Build.0 = Debug|Any CPU
		{3F41D1FE-AE75-40A8-B429-47723E363B51}.Debug|x86.ActiveCfg = Debug|Any CPU
		{3F41D1FE-AE75-40A8-B429-47723E363B51}.Release|Any CPU.ActiveCfg = Release|Any CPU
		{3F41D1FE-AE75-40A8-B429-47723E363B51}.Release|Any CPU.Build.0 = Release|Any CPU
		{3F41D1FE-AE75-40A8-B429-47723E363B51}.Release|Mixed Platforms.ActiveCfg = Release|Any CPU
		{3F41D1FE-AE75-40A8-B429-47723E363B51}.Release|Mixed Platforms.Build.0 = Release|Any CPU
		{3F41D1FE-AE75-40A8-B429-47723E363B51}.Release|x86.ActiveCfg = Release|Any CPU
		{FEB2FAB1-3F61-47BE-9041-1CD2720413D3}.Debug|Any CPU.ActiveCfg = Debug|Any CPU
		{FEB2FAB1-3F61-47BE-9041-1CD2720413D3}.Debug|Any CPU.Build.0 = Debug|Any CPU
		{FEB2FAB1-3F61-47BE-9041-1CD2720413D3}.Debug|Mixed Platforms.ActiveCfg = Debug|Any CPU
		{FEB2FAB1-3F61-47BE-9041-1CD2720413D3}.Debug|Mixed Platforms.Build.0 = Debug|Any CPU
		{FEB2FAB1-3F61-47BE-9041-1CD2720413D3}.Debug|x86.ActiveCfg = Debug|Any CPU
		{FEB2FAB1-3F61-47BE-9041-1CD2720413D3}.Release|Any CPU.ActiveCfg = Release|Any CPU
		{FEB2FAB1-3F61-47BE-9041-1CD2720413D3}.Release|Any CPU.Build.0 = Release|Any CPU
		{FEB2FAB1-3F61-47BE-9041-1CD2720413D3}.Release|Mixed Platforms.ActiveCfg = Release|Any CPU
		{FEB2FAB1-3F61-47BE-9041-1CD2720413D3}.Release|Mixed Platforms.Build.0 = Release|Any CPU
		{FEB2FAB1-3F61-47BE-9041-1CD2720413D3}.Release|x86.ActiveCfg = Release|Any CPU
		{50EB3005-4E62-4F1F-BFD3-942CD065C232}.Debug|Any CPU.ActiveCfg = Debug|Any CPU
		{50EB3005-4E62-4F1F-BFD3-942CD065C232}.Debug|Any CPU.Build.0 = Debug|Any CPU
		{50EB3005-4E62-4F1F-BFD3-942CD065C232}.Debug|Mixed Platforms.ActiveCfg = Debug|Any CPU
		{50EB3005-4E62-4F1F-BFD3-942CD065C232}.Debug|Mixed Platforms.Build.0 = Debug|Any CPU
		{50EB3005-4E62-4F1F-BFD3-942CD065C232}.Debug|x86.ActiveCfg = Debug|Any CPU
		{50EB3005-4E62-4F1F-BFD3-942CD065C232}.Release|Any CPU.ActiveCfg = Release|Any CPU
		{50EB3005-4E62-4F1F-BFD3-942CD065C232}.Release|Any CPU.Build.0 = Release|Any CPU
		{50EB3005-4E62-4F1F-BFD3-942CD065C232}.Release|Mixed Platforms.ActiveCfg = Release|Any CPU
		{50EB3005-4E62-4F1F-BFD3-942CD065C232}.Release|Mixed Platforms.Build.0 = Release|Any CPU
		{50EB3005-4E62-4F1F-BFD3-942CD065C232}.Release|x86.ActiveCfg = Release|Any CPU
		{9919BBE0-6350-4446-8282-0492AD0F72DB}.Debug|Any CPU.ActiveCfg = Debug|Any CPU
		{9919BBE0-6350-4446-8282-0492AD0F72DB}.Debug|Any CPU.Build.0 = Debug|Any CPU
		{9919BBE0-6350-4446-8282-0492AD0F72DB}.Debug|Mixed Platforms.ActiveCfg = Debug|Any CPU
		{9919BBE0-6350-4446-8282-0492AD0F72DB}.Debug|Mixed Platforms.Build.0 = Debug|Any CPU
		{9919BBE0-6350-4446-8282-0492AD0F72DB}.Debug|x86.ActiveCfg = Debug|Any CPU
		{9919BBE0-6350-4446-8282-0492AD0F72DB}.Release|Any CPU.ActiveCfg = Release|Any CPU
		{9919BBE0-6350-4446-8282-0492AD0F72DB}.Release|Any CPU.Build.0 = Release|Any CPU
		{9919BBE0-6350-4446-8282-0492AD0F72DB}.Release|Mixed Platforms.ActiveCfg = Release|Any CPU
		{9919BBE0-6350-4446-8282-0492AD0F72DB}.Release|Mixed Platforms.Build.0 = Release|Any CPU
		{9919BBE0-6350-4446-8282-0492AD0F72DB}.Release|x86.ActiveCfg = Release|Any CPU
		{35EC4439-3D63-4547-9F60-B0AB476C34C1}.Debug|Any CPU.ActiveCfg = Debug|Any CPU
		{35EC4439-3D63-4547-9F60-B0AB476C34C1}.Debug|Any CPU.Build.0 = Debug|Any CPU
		{35EC4439-3D63-4547-9F60-B0AB476C34C1}.Debug|Mixed Platforms.ActiveCfg = Debug|Any CPU
		{35EC4439-3D63-4547-9F60-B0AB476C34C1}.Debug|Mixed Platforms.Build.0 = Debug|Any CPU
		{35EC4439-3D63-4547-9F60-B0AB476C34C1}.Debug|x86.ActiveCfg = Debug|Any CPU
		{35EC4439-3D63-4547-9F60-B0AB476C34C1}.Release|Any CPU.ActiveCfg = Release|Any CPU
		{35EC4439-3D63-4547-9F60-B0AB476C34C1}.Release|Any CPU.Build.0 = Release|Any CPU
		{35EC4439-3D63-4547-9F60-B0AB476C34C1}.Release|Mixed Platforms.ActiveCfg = Release|Any CPU
		{35EC4439-3D63-4547-9F60-B0AB476C34C1}.Release|Mixed Platforms.Build.0 = Release|Any CPU
		{35EC4439-3D63-4547-9F60-B0AB476C34C1}.Release|x86.ActiveCfg = Release|Any CPU
		{6EC7B767-2E64-4C10-84A4-64291B4B6CE0}.Debug|Any CPU.ActiveCfg = Debug|Any CPU
		{6EC7B767-2E64-4C10-84A4-64291B4B6CE0}.Debug|Any CPU.Build.0 = Debug|Any CPU
		{6EC7B767-2E64-4C10-84A4-64291B4B6CE0}.Debug|Mixed Platforms.ActiveCfg = Debug|Any CPU
		{6EC7B767-2E64-4C10-84A4-64291B4B6CE0}.Debug|Mixed Platforms.Build.0 = Debug|Any CPU
		{6EC7B767-2E64-4C10-84A4-64291B4B6CE0}.Debug|x86.ActiveCfg = Debug|Any CPU
		{6EC7B767-2E64-4C10-84A4-64291B4B6CE0}.Release|Any CPU.ActiveCfg = Release|Any CPU
		{6EC7B767-2E64-4C10-84A4-64291B4B6CE0}.Release|Any CPU.Build.0 = Release|Any CPU
		{6EC7B767-2E64-4C10-84A4-64291B4B6CE0}.Release|Mixed Platforms.ActiveCfg = Release|Any CPU
		{6EC7B767-2E64-4C10-84A4-64291B4B6CE0}.Release|Mixed Platforms.Build.0 = Release|Any CPU
		{6EC7B767-2E64-4C10-84A4-64291B4B6CE0}.Release|x86.ActiveCfg = Release|Any CPU
		{4A821F91-0DF8-456D-962A-3DC8F08DDBB7}.Debug|Any CPU.ActiveCfg = Debug|Any CPU
		{4A821F91-0DF8-456D-962A-3DC8F08DDBB7}.Debug|Any CPU.Build.0 = Debug|Any CPU
		{4A821F91-0DF8-456D-962A-3DC8F08DDBB7}.Debug|Mixed Platforms.ActiveCfg = Debug|Any CPU
		{4A821F91-0DF8-456D-962A-3DC8F08DDBB7}.Debug|Mixed Platforms.Build.0 = Debug|Any CPU
		{4A821F91-0DF8-456D-962A-3DC8F08DDBB7}.Debug|x86.ActiveCfg = Debug|Any CPU
		{4A821F91-0DF8-456D-962A-3DC8F08DDBB7}.Release|Any CPU.ActiveCfg = Release|Any CPU
		{4A821F91-0DF8-456D-962A-3DC8F08DDBB7}.Release|Any CPU.Build.0 = Release|Any CPU
		{4A821F91-0DF8-456D-962A-3DC8F08DDBB7}.Release|Mixed Platforms.ActiveCfg = Release|Any CPU
		{4A821F91-0DF8-456D-962A-3DC8F08DDBB7}.Release|Mixed Platforms.Build.0 = Release|Any CPU
		{4A821F91-0DF8-456D-962A-3DC8F08DDBB7}.Release|x86.ActiveCfg = Release|Any CPU
		{D121853D-B09A-4C35-BE0C-218D14CC52B1}.Debug|Any CPU.ActiveCfg = Debug|x86
		{D121853D-B09A-4C35-BE0C-218D14CC52B1}.Debug|Mixed Platforms.ActiveCfg = Debug|x86
		{D121853D-B09A-4C35-BE0C-218D14CC52B1}.Debug|Mixed Platforms.Build.0 = Debug|x86
		{D121853D-B09A-4C35-BE0C-218D14CC52B1}.Debug|x86.ActiveCfg = Debug|x86
		{D121853D-B09A-4C35-BE0C-218D14CC52B1}.Debug|x86.Build.0 = Debug|x86
		{D121853D-B09A-4C35-BE0C-218D14CC52B1}.Release|Any CPU.ActiveCfg = Release|x86
		{D121853D-B09A-4C35-BE0C-218D14CC52B1}.Release|Mixed Platforms.ActiveCfg = Release|x86
		{D121853D-B09A-4C35-BE0C-218D14CC52B1}.Release|Mixed Platforms.Build.0 = Release|x86
		{D121853D-B09A-4C35-BE0C-218D14CC52B1}.Release|x86.ActiveCfg = Release|x86
		{D121853D-B09A-4C35-BE0C-218D14CC52B1}.Release|x86.Build.0 = Release|x86
		{43575EA4-81F1-4B17-ADAA-7CC27E460517}.Debug|Any CPU.ActiveCfg = Debug|Any CPU
		{43575EA4-81F1-4B17-ADAA-7CC27E460517}.Debug|Any CPU.Build.0 = Debug|Any CPU
		{43575EA4-81F1-4B17-ADAA-7CC27E460517}.Debug|Mixed Platforms.ActiveCfg = Debug|Any CPU
		{43575EA4-81F1-4B17-ADAA-7CC27E460517}.Debug|Mixed Platforms.Build.0 = Debug|Any CPU
		{43575EA4-81F1-4B17-ADAA-7CC27E460517}.Debug|x86.ActiveCfg = Debug|Any CPU
		{43575EA4-81F1-4B17-ADAA-7CC27E460517}.Release|Any CPU.ActiveCfg = Release|Any CPU
		{43575EA4-81F1-4B17-ADAA-7CC27E460517}.Release|Any CPU.Build.0 = Release|Any CPU
		{43575EA4-81F1-4B17-ADAA-7CC27E460517}.Release|Mixed Platforms.ActiveCfg = Release|Any CPU
		{43575EA4-81F1-4B17-ADAA-7CC27E460517}.Release|Mixed Platforms.Build.0 = Release|Any CPU
		{43575EA4-81F1-4B17-ADAA-7CC27E460517}.Release|x86.ActiveCfg = Release|Any CPU
		{CED67D90-9B6B-4810-A070-B295E50EBE7A}.Debug|Any CPU.ActiveCfg = Debug|Any CPU
		{CED67D90-9B6B-4810-A070-B295E50EBE7A}.Debug|Any CPU.Build.0 = Debug|Any CPU
		{CED67D90-9B6B-4810-A070-B295E50EBE7A}.Debug|Mixed Platforms.ActiveCfg = Debug|Any CPU
		{CED67D90-9B6B-4810-A070-B295E50EBE7A}.Debug|Mixed Platforms.Build.0 = Debug|Any CPU
		{CED67D90-9B6B-4810-A070-B295E50EBE7A}.Debug|x86.ActiveCfg = Debug|Any CPU
		{CED67D90-9B6B-4810-A070-B295E50EBE7A}.Release|Any CPU.ActiveCfg = Release|Any CPU
		{CED67D90-9B6B-4810-A070-B295E50EBE7A}.Release|Any CPU.Build.0 = Release|Any CPU
		{CED67D90-9B6B-4810-A070-B295E50EBE7A}.Release|Mixed Platforms.ActiveCfg = Release|Any CPU
		{CED67D90-9B6B-4810-A070-B295E50EBE7A}.Release|Mixed Platforms.Build.0 = Release|Any CPU
		{CED67D90-9B6B-4810-A070-B295E50EBE7A}.Release|x86.ActiveCfg = Release|Any CPU
		{5AD36948-1B9C-4810-B932-6823A87C014C}.Debug|Any CPU.ActiveCfg = Debug|Any CPU
		{5AD36948-1B9C-4810-B932-6823A87C014C}.Debug|Any CPU.Build.0 = Debug|Any CPU
		{5AD36948-1B9C-4810-B932-6823A87C014C}.Debug|Mixed Platforms.ActiveCfg = Debug|Any CPU
		{5AD36948-1B9C-4810-B932-6823A87C014C}.Debug|Mixed Platforms.Build.0 = Debug|Any CPU
		{5AD36948-1B9C-4810-B932-6823A87C014C}.Debug|x86.ActiveCfg = Debug|Any CPU
		{5AD36948-1B9C-4810-B932-6823A87C014C}.Release|Any CPU.ActiveCfg = Release|Any CPU
		{5AD36948-1B9C-4810-B932-6823A87C014C}.Release|Any CPU.Build.0 = Release|Any CPU
		{5AD36948-1B9C-4810-B932-6823A87C014C}.Release|Mixed Platforms.ActiveCfg = Release|Any CPU
		{5AD36948-1B9C-4810-B932-6823A87C014C}.Release|Mixed Platforms.Build.0 = Release|Any CPU
		{5AD36948-1B9C-4810-B932-6823A87C014C}.Release|x86.ActiveCfg = Release|Any CPU
		{57EE79F9-F718-42F6-8273-F261F18D4472}.Debug|Any CPU.ActiveCfg = Debug|Any CPU
		{57EE79F9-F718-42F6-8273-F261F18D4472}.Debug|Any CPU.Build.0 = Debug|Any CPU
		{57EE79F9-F718-42F6-8273-F261F18D4472}.Debug|Mixed Platforms.ActiveCfg = Debug|Any CPU
		{57EE79F9-F718-42F6-8273-F261F18D4472}.Debug|Mixed Platforms.Build.0 = Debug|Any CPU
		{57EE79F9-F718-42F6-8273-F261F18D4472}.Debug|x86.ActiveCfg = Debug|Any CPU
		{57EE79F9-F718-42F6-8273-F261F18D4472}.Release|Any CPU.ActiveCfg = Release|Any CPU
		{57EE79F9-F718-42F6-8273-F261F18D4472}.Release|Any CPU.Build.0 = Release|Any CPU
		{57EE79F9-F718-42F6-8273-F261F18D4472}.Release|Mixed Platforms.ActiveCfg = Release|Any CPU
		{57EE79F9-F718-42F6-8273-F261F18D4472}.Release|Mixed Platforms.Build.0 = Release|Any CPU
		{57EE79F9-F718-42F6-8273-F261F18D4472}.Release|x86.ActiveCfg = Release|Any CPU
		{FF50703C-6205-42A0-9EA0-6D12D84FADB2}.Debug|Any CPU.ActiveCfg = Debug|Any CPU
		{FF50703C-6205-42A0-9EA0-6D12D84FADB2}.Debug|Any CPU.Build.0 = Debug|Any CPU
		{FF50703C-6205-42A0-9EA0-6D12D84FADB2}.Debug|Mixed Platforms.ActiveCfg = Debug|Any CPU
		{FF50703C-6205-42A0-9EA0-6D12D84FADB2}.Debug|Mixed Platforms.Build.0 = Debug|Any CPU
		{FF50703C-6205-42A0-9EA0-6D12D84FADB2}.Debug|x86.ActiveCfg = Debug|Any CPU
		{FF50703C-6205-42A0-9EA0-6D12D84FADB2}.Release|Any CPU.ActiveCfg = Release|Any CPU
		{FF50703C-6205-42A0-9EA0-6D12D84FADB2}.Release|Any CPU.Build.0 = Release|Any CPU
		{FF50703C-6205-42A0-9EA0-6D12D84FADB2}.Release|Mixed Platforms.ActiveCfg = Release|Any CPU
		{FF50703C-6205-42A0-9EA0-6D12D84FADB2}.Release|Mixed Platforms.Build.0 = Release|Any CPU
		{FF50703C-6205-42A0-9EA0-6D12D84FADB2}.Release|x86.ActiveCfg = Release|Any CPU
		{676EC934-0BB1-449D-94FD-896C43C0AAC7}.Debug|Any CPU.ActiveCfg = Debug|Any CPU
		{676EC934-0BB1-449D-94FD-896C43C0AAC7}.Debug|Any CPU.Build.0 = Debug|Any CPU
		{676EC934-0BB1-449D-94FD-896C43C0AAC7}.Debug|Mixed Platforms.ActiveCfg = Debug|Any CPU
		{676EC934-0BB1-449D-94FD-896C43C0AAC7}.Debug|Mixed Platforms.Build.0 = Debug|Any CPU
		{676EC934-0BB1-449D-94FD-896C43C0AAC7}.Debug|x86.ActiveCfg = Debug|Any CPU
		{676EC934-0BB1-449D-94FD-896C43C0AAC7}.Release|Any CPU.ActiveCfg = Release|Any CPU
		{676EC934-0BB1-449D-94FD-896C43C0AAC7}.Release|Any CPU.Build.0 = Release|Any CPU
		{676EC934-0BB1-449D-94FD-896C43C0AAC7}.Release|Mixed Platforms.ActiveCfg = Release|Any CPU
		{676EC934-0BB1-449D-94FD-896C43C0AAC7}.Release|Mixed Platforms.Build.0 = Release|Any CPU
		{676EC934-0BB1-449D-94FD-896C43C0AAC7}.Release|x86.ActiveCfg = Release|Any CPU
		{10A9BA9E-DBDE-48DF-ACCA-3869ADC29D3D}.Debug|Any CPU.ActiveCfg = Debug|Any CPU
		{10A9BA9E-DBDE-48DF-ACCA-3869ADC29D3D}.Debug|Any CPU.Build.0 = Debug|Any CPU
		{10A9BA9E-DBDE-48DF-ACCA-3869ADC29D3D}.Debug|Mixed Platforms.ActiveCfg = Debug|Any CPU
		{10A9BA9E-DBDE-48DF-ACCA-3869ADC29D3D}.Debug|Mixed Platforms.Build.0 = Debug|Any CPU
		{10A9BA9E-DBDE-48DF-ACCA-3869ADC29D3D}.Debug|x86.ActiveCfg = Debug|Any CPU
		{10A9BA9E-DBDE-48DF-ACCA-3869ADC29D3D}.Release|Any CPU.ActiveCfg = Release|Any CPU
		{10A9BA9E-DBDE-48DF-ACCA-3869ADC29D3D}.Release|Any CPU.Build.0 = Release|Any CPU
		{10A9BA9E-DBDE-48DF-ACCA-3869ADC29D3D}.Release|Mixed Platforms.ActiveCfg = Release|Any CPU
		{10A9BA9E-DBDE-48DF-ACCA-3869ADC29D3D}.Release|Mixed Platforms.Build.0 = Release|Any CPU
		{10A9BA9E-DBDE-48DF-ACCA-3869ADC29D3D}.Release|x86.ActiveCfg = Release|Any CPU
		{6E5BBB20-6224-4C33-9946-6735F8206806}.Debug|Any CPU.ActiveCfg = Debug|Any CPU
		{6E5BBB20-6224-4C33-9946-6735F8206806}.Debug|Any CPU.Build.0 = Debug|Any CPU
		{6E5BBB20-6224-4C33-9946-6735F8206806}.Debug|Mixed Platforms.ActiveCfg = Debug|Any CPU
		{6E5BBB20-6224-4C33-9946-6735F8206806}.Debug|Mixed Platforms.Build.0 = Debug|Any CPU
		{6E5BBB20-6224-4C33-9946-6735F8206806}.Debug|x86.ActiveCfg = Debug|Any CPU
		{6E5BBB20-6224-4C33-9946-6735F8206806}.Release|Any CPU.ActiveCfg = Release|Any CPU
		{6E5BBB20-6224-4C33-9946-6735F8206806}.Release|Any CPU.Build.0 = Release|Any CPU
		{6E5BBB20-6224-4C33-9946-6735F8206806}.Release|Mixed Platforms.ActiveCfg = Release|Any CPU
		{6E5BBB20-6224-4C33-9946-6735F8206806}.Release|Mixed Platforms.Build.0 = Release|Any CPU
		{6E5BBB20-6224-4C33-9946-6735F8206806}.Release|x86.ActiveCfg = Release|Any CPU
		{80E38543-87F6-4ADA-A419-B46E65AF8C5E}.Debug|Any CPU.ActiveCfg = Debug|Any CPU
		{80E38543-87F6-4ADA-A419-B46E65AF8C5E}.Debug|Any CPU.Build.0 = Debug|Any CPU
		{80E38543-87F6-4ADA-A419-B46E65AF8C5E}.Debug|Mixed Platforms.ActiveCfg = Debug|Any CPU
		{80E38543-87F6-4ADA-A419-B46E65AF8C5E}.Debug|Mixed Platforms.Build.0 = Debug|Any CPU
		{80E38543-87F6-4ADA-A419-B46E65AF8C5E}.Debug|x86.ActiveCfg = Debug|Any CPU
		{80E38543-87F6-4ADA-A419-B46E65AF8C5E}.Release|Any CPU.ActiveCfg = Release|Any CPU
		{80E38543-87F6-4ADA-A419-B46E65AF8C5E}.Release|Any CPU.Build.0 = Release|Any CPU
		{80E38543-87F6-4ADA-A419-B46E65AF8C5E}.Release|Mixed Platforms.ActiveCfg = Release|Any CPU
		{80E38543-87F6-4ADA-A419-B46E65AF8C5E}.Release|Mixed Platforms.Build.0 = Release|Any CPU
		{80E38543-87F6-4ADA-A419-B46E65AF8C5E}.Release|x86.ActiveCfg = Release|Any CPU
	EndGlobalSection
	GlobalSection(SolutionProperties) = preSolution
		HideSolutionNode = FALSE
	EndGlobalSection
	GlobalSection(NestedProjects) = preSolution
		{D121853D-B09A-4C35-BE0C-218D14CC52B1} = {4886653A-D73D-49A3-938D-1494D8D72EDC}
		{4A821F91-0DF8-456D-962A-3DC8F08DDBB7} = {4886653A-D73D-49A3-938D-1494D8D72EDC}
		{43575EA4-81F1-4B17-ADAA-7CC27E460517} = {4886653A-D73D-49A3-938D-1494D8D72EDC}
		{CED67D90-9B6B-4810-A070-B295E50EBE7A} = {4886653A-D73D-49A3-938D-1494D8D72EDC}
		{FF50703C-6205-42A0-9EA0-6D12D84FADB2} = {BA299CDD-413E-4361-B50F-04A526C7B080}
	EndGlobalSection
EndGlobal
