
Microsoft Visual Studio Solution File, Format Version 12.00
# Visual Studio 2013
VisualStudioVersion = 12.0.30110.0
MinimumVisualStudioVersion = 10.0.40219.1
Project("{FAE04EC0-301F-11D3-BF4B-00C04F79EFBC}") = "DataBase", "source\DataBase\DataBase.csproj", "{029362CC-BB87-45D7-BC45-4DD3CF9CD8D1}"
EndProject
Project("{FAE04EC0-301F-11D3-BF4B-00C04F79EFBC}") = "DataBase.Test", "source\DataBase.Test\DataBase.Test.csproj", "{3F41D1FE-AE75-40A8-B429-47723E363B51}"
EndProject
Project("{FAE04EC0-301F-11D3-BF4B-00C04F79EFBC}") = "Sumo.API", "source\Sumo.API\Sumo.API.csproj", "{FEB2FAB1-3F61-47BE-9041-1CD2720413D3}"
EndProject
Project("{FAE04EC0-301F-11D3-BF4B-00C04F79EFBC}") = "FileSystemObserver", "source\FileSystemObserver\FileSystemObserver.csproj", "{50EB3005-4E62-4F1F-BFD3-942CD065C232}"
EndProject
Project("{FAE04EC0-301F-11D3-BF4B-00C04F79EFBC}") = "VisualSumoWPF", "source\VisualSumoWPF\VisualSumoWPF.csproj", "{6EC7B767-2E64-4C10-84A4-64291B4B6CE0}"
EndProject
Project("{2150E333-8FDC-42A3-9474-1A3956D46DE8}") = "WCF", "WCF", "{BA299CDD-413E-4361-B50F-04A526C7B080}"
EndProject
Project("{FAE04EC0-301F-11D3-BF4B-00C04F79EFBC}") = "Monitor", "source\Monitor\Monitor.csproj", "{5AD36948-1B9C-4810-B932-6823A87C014C}"
EndProject
Project("{FAE04EC0-301F-11D3-BF4B-00C04F79EFBC}") = "Coordinator", "source\Coordinator\Coordinator.csproj", "{676EC934-0BB1-449D-94FD-896C43C0AAC7}"
EndProject
Project("{FAE04EC0-301F-11D3-BF4B-00C04F79EFBC}") = "DBLoader", "source\DBLoader\DBLoader.csproj", "{10A9BA9E-DBDE-48DF-ACCA-3869ADC29D3D}"
EndProject
Project("{FAE04EC0-301F-11D3-BF4B-00C04F79EFBC}") = "XmlBookConverter", "source\XmlBookConverter\XmlBookConverter.csproj", "{83263186-7B44-447C-9807-6C72F41C2E95}"
EndProject
Project("{FAE04EC0-301F-11D3-BF4B-00C04F79EFBC}") = "XmlBookConverter.Tests", "source\XmlBookConverter.Tests\XmlBookConverter.Tests.csproj", "{5C1D4220-B986-4704-84E8-12CEDE8D15FA}"
EndProject
Project("{2150E333-8FDC-42A3-9474-1A3956D46DE8}") = "MetaLoader", "MetaLoader", "{B2AC66F5-683A-43AD-9C7F-7AA100101D45}"
EndProject
Project("{FAE04EC0-301F-11D3-BF4B-00C04F79EFBC}") = "MetaLoader.Tests", "source\MetaLoader\MetaLoader.Tests\MetaLoader.Tests.csproj", "{0F1AE509-CA57-40A4-8DB9-38DA151F580C}"
EndProject
Project("{FAE04EC0-301F-11D3-BF4B-00C04F79EFBC}") = "MetaLoader", "source\MetaLoader\MetaLoader\MetaLoader.csproj", "{13AA7F83-9636-461D-AFE1-14B0665D421E}"
EndProject
Project("{FAE04EC0-301F-11D3-BF4B-00C04F79EFBC}") = "DBMetaManager", "source\DBMetaManager\DBMetaManager.csproj", "{3C278094-3C15-44B5-9897-C080679B4AF8}"
EndProject
Project("{FAE04EC0-301F-11D3-BF4B-00C04F79EFBC}") = "Network", "source\MetaLoader\Network\Network.csproj", "{009DCFE2-1F01-48BF-8366-29621BD480D1}"
EndProject
Project("{FAE04EC0-301F-11D3-BF4B-00C04F79EFBC}") = "BookService", "source\WCF\BookService\BookService.csproj", "{5FF96FA6-D008-4096-9720-D3DEE3482ACF}"
EndProject
Project("{FAE04EC0-301F-11D3-BF4B-00C04F79EFBC}") = "MetaRanker", "source\MetaRanker\MetaRanker.csproj", "{2B5E9988-BDED-4772-AA41-9C4113DD0C2E}"
EndProject
Project("{FAE04EC0-301F-11D3-BF4B-00C04F79EFBC}") = "MetaRanker.Tests", "source\MetaRanker.Tests\MetaRanker.Tests.csproj", "{36143339-3CBE-44A0-8605-5A5953032AF1}"
EndProject
Project("{2150E333-8FDC-42A3-9474-1A3956D46DE8}") = "Shops", "Shops", "{1D4ED371-3C6E-41C8-9012-381AA5DB7DF2}"
EndProject
Project("{FAE04EC0-301F-11D3-BF4B-00C04F79EFBC}") = "LabirintShop", "source\MetaLoader\Shops\LabirintShop\LabirintShop.csproj", "{0F583EC0-6849-4125-8C81-496C9B9E5FB9}"
EndProject
Project("{FAE04EC0-301F-11D3-BF4B-00C04F79EFBC}") = "OzonShop", "source\MetaLoader\Shops\OzonShop\OzonShop.csproj", "{0EF701E6-38C8-40D8-B523-54D46286B631}"
EndProject
Project("{FAE04EC0-301F-11D3-BF4B-00C04F79EFBC}") = "BookServiceStub", "source\WCF\BookServiceStub\BookServiceStub.csproj", "{0B99047C-2BB1-4701-BFED-9684D4D14715}"
EndProject
Project("{FAE04EC0-301F-11D3-BF4B-00C04F79EFBC}") = "ConsoleApplication1", "ConsoleApplication1\ConsoleApplication1.csproj", "{25EA5BBA-7697-4D1F-91DB-1476FDD1169D}"
EndProject
Global
	GlobalSection(SolutionConfigurationPlatforms) = preSolution
		Debug|Any CPU = Debug|Any CPU
		Debug|Mixed Platforms = Debug|Mixed Platforms
		Debug|x86 = Debug|x86
		Release|Any CPU = Release|Any CPU
		Release|Mixed Platforms = Release|Mixed Platforms
		Release|x86 = Release|x86
	EndGlobalSection
	GlobalSection(ProjectConfigurationPlatforms) = postSolution
		{029362CC-BB87-45D7-BC45-4DD3CF9CD8D1}.Debug|Any CPU.ActiveCfg = Debug|Any CPU
		{029362CC-BB87-45D7-BC45-4DD3CF9CD8D1}.Debug|Any CPU.Build.0 = Debug|Any CPU
		{029362CC-BB87-45D7-BC45-4DD3CF9CD8D1}.Debug|Mixed Platforms.ActiveCfg = Debug|Any CPU
		{029362CC-BB87-45D7-BC45-4DD3CF9CD8D1}.Debug|Mixed Platforms.Build.0 = Debug|Any CPU
		{029362CC-BB87-45D7-BC45-4DD3CF9CD8D1}.Debug|x86.ActiveCfg = Debug|Any CPU
		{029362CC-BB87-45D7-BC45-4DD3CF9CD8D1}.Release|Any CPU.ActiveCfg = Release|Any CPU
		{029362CC-BB87-45D7-BC45-4DD3CF9CD8D1}.Release|Any CPU.Build.0 = Release|Any CPU
		{029362CC-BB87-45D7-BC45-4DD3CF9CD8D1}.Release|Mixed Platforms.ActiveCfg = Release|Any CPU
		{029362CC-BB87-45D7-BC45-4DD3CF9CD8D1}.Release|Mixed Platforms.Build.0 = Release|Any CPU
		{029362CC-BB87-45D7-BC45-4DD3CF9CD8D1}.Release|x86.ActiveCfg = Release|Any CPU
		{3F41D1FE-AE75-40A8-B429-47723E363B51}.Debug|Any CPU.ActiveCfg = Debug|Any CPU
		{3F41D1FE-AE75-40A8-B429-47723E363B51}.Debug|Any CPU.Build.0 = Debug|Any CPU
		{3F41D1FE-AE75-40A8-B429-47723E363B51}.Debug|Mixed Platforms.ActiveCfg = Debug|Any CPU
		{3F41D1FE-AE75-40A8-B429-47723E363B51}.Debug|Mixed Platforms.Build.0 = Debug|Any CPU
		{3F41D1FE-AE75-40A8-B429-47723E363B51}.Debug|x86.ActiveCfg = Debug|Any CPU
		{3F41D1FE-AE75-40A8-B429-47723E363B51}.Release|Any CPU.ActiveCfg = Release|Any CPU
		{3F41D1FE-AE75-40A8-B429-47723E363B51}.Release|Any CPU.Build.0 = Release|Any CPU
		{3F41D1FE-AE75-40A8-B429-47723E363B51}.Release|Mixed Platforms.ActiveCfg = Release|Any CPU
		{3F41D1FE-AE75-40A8-B429-47723E363B51}.Release|Mixed Platforms.Build.0 = Release|Any CPU
		{3F41D1FE-AE75-40A8-B429-47723E363B51}.Release|x86.ActiveCfg = Release|Any CPU
		{FEB2FAB1-3F61-47BE-9041-1CD2720413D3}.Debug|Any CPU.ActiveCfg = Debug|Any CPU
		{FEB2FAB1-3F61-47BE-9041-1CD2720413D3}.Debug|Any CPU.Build.0 = Debug|Any CPU
		{FEB2FAB1-3F61-47BE-9041-1CD2720413D3}.Debug|Mixed Platforms.ActiveCfg = Debug|Any CPU
		{FEB2FAB1-3F61-47BE-9041-1CD2720413D3}.Debug|Mixed Platforms.Build.0 = Debug|Any CPU
		{FEB2FAB1-3F61-47BE-9041-1CD2720413D3}.Debug|x86.ActiveCfg = Debug|Any CPU
		{FEB2FAB1-3F61-47BE-9041-1CD2720413D3}.Release|Any CPU.ActiveCfg = Release|Any CPU
		{FEB2FAB1-3F61-47BE-9041-1CD2720413D3}.Release|Any CPU.Build.0 = Release|Any CPU
		{FEB2FAB1-3F61-47BE-9041-1CD2720413D3}.Release|Mixed Platforms.ActiveCfg = Release|Any CPU
		{FEB2FAB1-3F61-47BE-9041-1CD2720413D3}.Release|Mixed Platforms.Build.0 = Release|Any CPU
		{FEB2FAB1-3F61-47BE-9041-1CD2720413D3}.Release|x86.ActiveCfg = Release|Any CPU
		{50EB3005-4E62-4F1F-BFD3-942CD065C232}.Debug|Any CPU.ActiveCfg = Debug|Any CPU
		{50EB3005-4E62-4F1F-BFD3-942CD065C232}.Debug|Any CPU.Build.0 = Debug|Any CPU
		{50EB3005-4E62-4F1F-BFD3-942CD065C232}.Debug|Mixed Platforms.ActiveCfg = Debug|Any CPU
		{50EB3005-4E62-4F1F-BFD3-942CD065C232}.Debug|Mixed Platforms.Build.0 = Debug|Any CPU
		{50EB3005-4E62-4F1F-BFD3-942CD065C232}.Debug|x86.ActiveCfg = Debug|Any CPU
		{50EB3005-4E62-4F1F-BFD3-942CD065C232}.Release|Any CPU.ActiveCfg = Release|Any CPU
		{50EB3005-4E62-4F1F-BFD3-942CD065C232}.Release|Any CPU.Build.0 = Release|Any CPU
		{50EB3005-4E62-4F1F-BFD3-942CD065C232}.Release|Mixed Platforms.ActiveCfg = Release|Any CPU
		{50EB3005-4E62-4F1F-BFD3-942CD065C232}.Release|Mixed Platforms.Build.0 = Release|Any CPU
		{50EB3005-4E62-4F1F-BFD3-942CD065C232}.Release|x86.ActiveCfg = Release|Any CPU
		{6EC7B767-2E64-4C10-84A4-64291B4B6CE0}.Debug|Any CPU.ActiveCfg = Debug|Any CPU
		{6EC7B767-2E64-4C10-84A4-64291B4B6CE0}.Debug|Any CPU.Build.0 = Debug|Any CPU
		{6EC7B767-2E64-4C10-84A4-64291B4B6CE0}.Debug|Mixed Platforms.ActiveCfg = Debug|Any CPU
		{6EC7B767-2E64-4C10-84A4-64291B4B6CE0}.Debug|Mixed Platforms.Build.0 = Debug|Any CPU
		{6EC7B767-2E64-4C10-84A4-64291B4B6CE0}.Debug|x86.ActiveCfg = Debug|Any CPU
		{6EC7B767-2E64-4C10-84A4-64291B4B6CE0}.Release|Any CPU.ActiveCfg = Release|Any CPU
		{6EC7B767-2E64-4C10-84A4-64291B4B6CE0}.Release|Any CPU.Build.0 = Release|Any CPU
		{6EC7B767-2E64-4C10-84A4-64291B4B6CE0}.Release|Mixed Platforms.ActiveCfg = Release|Any CPU
		{6EC7B767-2E64-4C10-84A4-64291B4B6CE0}.Release|Mixed Platforms.Build.0 = Release|Any CPU
		{6EC7B767-2E64-4C10-84A4-64291B4B6CE0}.Release|x86.ActiveCfg = Release|Any CPU
		{5AD36948-1B9C-4810-B932-6823A87C014C}.Debug|Any CPU.ActiveCfg = Debug|Any CPU
		{5AD36948-1B9C-4810-B932-6823A87C014C}.Debug|Any CPU.Build.0 = Debug|Any CPU
		{5AD36948-1B9C-4810-B932-6823A87C014C}.Debug|Mixed Platforms.ActiveCfg = Debug|Any CPU
		{5AD36948-1B9C-4810-B932-6823A87C014C}.Debug|Mixed Platforms.Build.0 = Debug|Any CPU
		{5AD36948-1B9C-4810-B932-6823A87C014C}.Debug|x86.ActiveCfg = Debug|Any CPU
		{5AD36948-1B9C-4810-B932-6823A87C014C}.Release|Any CPU.ActiveCfg = Release|Any CPU
		{5AD36948-1B9C-4810-B932-6823A87C014C}.Release|Any CPU.Build.0 = Release|Any CPU
		{5AD36948-1B9C-4810-B932-6823A87C014C}.Release|Mixed Platforms.ActiveCfg = Release|Any CPU
		{5AD36948-1B9C-4810-B932-6823A87C014C}.Release|Mixed Platforms.Build.0 = Release|Any CPU
		{5AD36948-1B9C-4810-B932-6823A87C014C}.Release|x86.ActiveCfg = Release|Any CPU
		{676EC934-0BB1-449D-94FD-896C43C0AAC7}.Debug|Any CPU.ActiveCfg = Debug|Any CPU
		{676EC934-0BB1-449D-94FD-896C43C0AAC7}.Debug|Any CPU.Build.0 = Debug|Any CPU
		{676EC934-0BB1-449D-94FD-896C43C0AAC7}.Debug|Mixed Platforms.ActiveCfg = Debug|Any CPU
		{676EC934-0BB1-449D-94FD-896C43C0AAC7}.Debug|Mixed Platforms.Build.0 = Debug|Any CPU
		{676EC934-0BB1-449D-94FD-896C43C0AAC7}.Debug|x86.ActiveCfg = Debug|Any CPU
		{676EC934-0BB1-449D-94FD-896C43C0AAC7}.Release|Any CPU.ActiveCfg = Release|Any CPU
		{676EC934-0BB1-449D-94FD-896C43C0AAC7}.Release|Any CPU.Build.0 = Release|Any CPU
		{676EC934-0BB1-449D-94FD-896C43C0AAC7}.Release|Mixed Platforms.ActiveCfg = Release|Any CPU
		{676EC934-0BB1-449D-94FD-896C43C0AAC7}.Release|Mixed Platforms.Build.0 = Release|Any CPU
		{676EC934-0BB1-449D-94FD-896C43C0AAC7}.Release|x86.ActiveCfg = Release|Any CPU
		{10A9BA9E-DBDE-48DF-ACCA-3869ADC29D3D}.Debug|Any CPU.ActiveCfg = Debug|Any CPU
		{10A9BA9E-DBDE-48DF-ACCA-3869ADC29D3D}.Debug|Any CPU.Build.0 = Debug|Any CPU
		{10A9BA9E-DBDE-48DF-ACCA-3869ADC29D3D}.Debug|Mixed Platforms.ActiveCfg = Debug|Any CPU
		{10A9BA9E-DBDE-48DF-ACCA-3869ADC29D3D}.Debug|Mixed Platforms.Build.0 = Debug|Any CPU
		{10A9BA9E-DBDE-48DF-ACCA-3869ADC29D3D}.Debug|x86.ActiveCfg = Debug|Any CPU
		{10A9BA9E-DBDE-48DF-ACCA-3869ADC29D3D}.Release|Any CPU.ActiveCfg = Release|Any CPU
		{10A9BA9E-DBDE-48DF-ACCA-3869ADC29D3D}.Release|Any CPU.Build.0 = Release|Any CPU
		{10A9BA9E-DBDE-48DF-ACCA-3869ADC29D3D}.Release|Mixed Platforms.ActiveCfg = Release|Any CPU
		{10A9BA9E-DBDE-48DF-ACCA-3869ADC29D3D}.Release|Mixed Platforms.Build.0 = Release|Any CPU
		{10A9BA9E-DBDE-48DF-ACCA-3869ADC29D3D}.Release|x86.ActiveCfg = Release|Any CPU
		{83263186-7B44-447C-9807-6C72F41C2E95}.Debug|Any CPU.ActiveCfg = Debug|Any CPU
		{83263186-7B44-447C-9807-6C72F41C2E95}.Debug|Any CPU.Build.0 = Debug|Any CPU
		{83263186-7B44-447C-9807-6C72F41C2E95}.Debug|Mixed Platforms.ActiveCfg = Debug|Any CPU
		{83263186-7B44-447C-9807-6C72F41C2E95}.Debug|Mixed Platforms.Build.0 = Debug|Any CPU
		{83263186-7B44-447C-9807-6C72F41C2E95}.Debug|x86.ActiveCfg = Debug|Any CPU
		{83263186-7B44-447C-9807-6C72F41C2E95}.Release|Any CPU.ActiveCfg = Release|Any CPU
		{83263186-7B44-447C-9807-6C72F41C2E95}.Release|Any CPU.Build.0 = Release|Any CPU
		{83263186-7B44-447C-9807-6C72F41C2E95}.Release|Mixed Platforms.ActiveCfg = Release|Any CPU
		{83263186-7B44-447C-9807-6C72F41C2E95}.Release|Mixed Platforms.Build.0 = Release|Any CPU
		{83263186-7B44-447C-9807-6C72F41C2E95}.Release|x86.ActiveCfg = Release|Any CPU
		{5C1D4220-B986-4704-84E8-12CEDE8D15FA}.Debug|Any CPU.ActiveCfg = Debug|Any CPU
		{5C1D4220-B986-4704-84E8-12CEDE8D15FA}.Debug|Any CPU.Build.0 = Debug|Any CPU
		{5C1D4220-B986-4704-84E8-12CEDE8D15FA}.Debug|Mixed Platforms.ActiveCfg = Debug|Any CPU
		{5C1D4220-B986-4704-84E8-12CEDE8D15FA}.Debug|Mixed Platforms.Build.0 = Debug|Any CPU
		{5C1D4220-B986-4704-84E8-12CEDE8D15FA}.Debug|x86.ActiveCfg = Debug|Any CPU
		{5C1D4220-B986-4704-84E8-12CEDE8D15FA}.Release|Any CPU.ActiveCfg = Release|Any CPU
		{5C1D4220-B986-4704-84E8-12CEDE8D15FA}.Release|Any CPU.Build.0 = Release|Any CPU
		{5C1D4220-B986-4704-84E8-12CEDE8D15FA}.Release|Mixed Platforms.ActiveCfg = Release|Any CPU
		{5C1D4220-B986-4704-84E8-12CEDE8D15FA}.Release|Mixed Platforms.Build.0 = Release|Any CPU
		{5C1D4220-B986-4704-84E8-12CEDE8D15FA}.Release|x86.ActiveCfg = Release|Any CPU
		{0F1AE509-CA57-40A4-8DB9-38DA151F580C}.Debug|Any CPU.ActiveCfg = Debug|Any CPU
		{0F1AE509-CA57-40A4-8DB9-38DA151F580C}.Debug|Any CPU.Build.0 = Debug|Any CPU
		{0F1AE509-CA57-40A4-8DB9-38DA151F580C}.Debug|Mixed Platforms.ActiveCfg = Debug|Any CPU
		{0F1AE509-CA57-40A4-8DB9-38DA151F580C}.Debug|Mixed Platforms.Build.0 = Debug|Any CPU
		{0F1AE509-CA57-40A4-8DB9-38DA151F580C}.Debug|x86.ActiveCfg = Debug|Any CPU
		{0F1AE509-CA57-40A4-8DB9-38DA151F580C}.Release|Any CPU.ActiveCfg = Release|Any CPU
		{0F1AE509-CA57-40A4-8DB9-38DA151F580C}.Release|Any CPU.Build.0 = Release|Any CPU
		{0F1AE509-CA57-40A4-8DB9-38DA151F580C}.Release|Mixed Platforms.ActiveCfg = Release|Any CPU
		{0F1AE509-CA57-40A4-8DB9-38DA151F580C}.Release|Mixed Platforms.Build.0 = Release|Any CPU
		{0F1AE509-CA57-40A4-8DB9-38DA151F580C}.Release|x86.ActiveCfg = Release|Any CPU
		{13AA7F83-9636-461D-AFE1-14B0665D421E}.Debug|Any CPU.ActiveCfg = Debug|Any CPU
		{13AA7F83-9636-461D-AFE1-14B0665D421E}.Debug|Any CPU.Build.0 = Debug|Any CPU
		{13AA7F83-9636-461D-AFE1-14B0665D421E}.Debug|Mixed Platforms.ActiveCfg = Debug|Any CPU
		{13AA7F83-9636-461D-AFE1-14B0665D421E}.Debug|Mixed Platforms.Build.0 = Debug|Any CPU
		{13AA7F83-9636-461D-AFE1-14B0665D421E}.Debug|x86.ActiveCfg = Debug|Any CPU
		{13AA7F83-9636-461D-AFE1-14B0665D421E}.Release|Any CPU.ActiveCfg = Release|Any CPU
		{13AA7F83-9636-461D-AFE1-14B0665D421E}.Release|Any CPU.Build.0 = Release|Any CPU
		{13AA7F83-9636-461D-AFE1-14B0665D421E}.Release|Mixed Platforms.ActiveCfg = Release|Any CPU
		{13AA7F83-9636-461D-AFE1-14B0665D421E}.Release|Mixed Platforms.Build.0 = Release|Any CPU
		{13AA7F83-9636-461D-AFE1-14B0665D421E}.Release|x86.ActiveCfg = Release|Any CPU
		{3C278094-3C15-44B5-9897-C080679B4AF8}.Debug|Any CPU.ActiveCfg = Debug|Any CPU
		{3C278094-3C15-44B5-9897-C080679B4AF8}.Debug|Any CPU.Build.0 = Debug|Any CPU
		{3C278094-3C15-44B5-9897-C080679B4AF8}.Debug|Mixed Platforms.ActiveCfg = Debug|Any CPU
		{3C278094-3C15-44B5-9897-C080679B4AF8}.Debug|Mixed Platforms.Build.0 = Debug|Any CPU
		{3C278094-3C15-44B5-9897-C080679B4AF8}.Debug|x86.ActiveCfg = Debug|Any CPU
		{3C278094-3C15-44B5-9897-C080679B4AF8}.Release|Any CPU.ActiveCfg = Release|Any CPU
		{3C278094-3C15-44B5-9897-C080679B4AF8}.Release|Any CPU.Build.0 = Release|Any CPU
		{3C278094-3C15-44B5-9897-C080679B4AF8}.Release|Mixed Platforms.ActiveCfg = Release|Any CPU
		{3C278094-3C15-44B5-9897-C080679B4AF8}.Release|Mixed Platforms.Build.0 = Release|Any CPU
		{3C278094-3C15-44B5-9897-C080679B4AF8}.Release|x86.ActiveCfg = Release|Any CPU
		{009DCFE2-1F01-48BF-8366-29621BD480D1}.Debug|Any CPU.ActiveCfg = Debug|Any CPU
		{009DCFE2-1F01-48BF-8366-29621BD480D1}.Debug|Any CPU.Build.0 = Debug|Any CPU
		{009DCFE2-1F01-48BF-8366-29621BD480D1}.Debug|Mixed Platforms.ActiveCfg = Debug|Any CPU
		{009DCFE2-1F01-48BF-8366-29621BD480D1}.Debug|Mixed Platforms.Build.0 = Debug|Any CPU
		{009DCFE2-1F01-48BF-8366-29621BD480D1}.Debug|x86.ActiveCfg = Debug|Any CPU
		{009DCFE2-1F01-48BF-8366-29621BD480D1}.Release|Any CPU.ActiveCfg = Release|Any CPU
		{009DCFE2-1F01-48BF-8366-29621BD480D1}.Release|Any CPU.Build.0 = Release|Any CPU
		{009DCFE2-1F01-48BF-8366-29621BD480D1}.Release|Mixed Platforms.ActiveCfg = Release|Any CPU
		{009DCFE2-1F01-48BF-8366-29621BD480D1}.Release|Mixed Platforms.Build.0 = Release|Any CPU
		{009DCFE2-1F01-48BF-8366-29621BD480D1}.Release|x86.ActiveCfg = Release|Any CPU
		{5FF96FA6-D008-4096-9720-D3DEE3482ACF}.Debug|Any CPU.ActiveCfg = Debug|Any CPU
		{5FF96FA6-D008-4096-9720-D3DEE3482ACF}.Debug|Any CPU.Build.0 = Debug|Any CPU
		{5FF96FA6-D008-4096-9720-D3DEE3482ACF}.Debug|Mixed Platforms.ActiveCfg = Debug|Any CPU
		{5FF96FA6-D008-4096-9720-D3DEE3482ACF}.Debug|Mixed Platforms.Build.0 = Debug|Any CPU
		{5FF96FA6-D008-4096-9720-D3DEE3482ACF}.Debug|x86.ActiveCfg = Debug|Any CPU
		{5FF96FA6-D008-4096-9720-D3DEE3482ACF}.Release|Any CPU.ActiveCfg = Release|Any CPU
		{5FF96FA6-D008-4096-9720-D3DEE3482ACF}.Release|Any CPU.Build.0 = Release|Any CPU
		{5FF96FA6-D008-4096-9720-D3DEE3482ACF}.Release|Mixed Platforms.ActiveCfg = Release|Any CPU
		{5FF96FA6-D008-4096-9720-D3DEE3482ACF}.Release|Mixed Platforms.Build.0 = Release|Any CPU
		{5FF96FA6-D008-4096-9720-D3DEE3482ACF}.Release|x86.ActiveCfg = Release|Any CPU
		{2B5E9988-BDED-4772-AA41-9C4113DD0C2E}.Debug|Any CPU.ActiveCfg = Debug|Any CPU
		{2B5E9988-BDED-4772-AA41-9C4113DD0C2E}.Debug|Any CPU.Build.0 = Debug|Any CPU
		{2B5E9988-BDED-4772-AA41-9C4113DD0C2E}.Debug|Mixed Platforms.ActiveCfg = Debug|Any CPU
		{2B5E9988-BDED-4772-AA41-9C4113DD0C2E}.Debug|Mixed Platforms.Build.0 = Debug|Any CPU
		{2B5E9988-BDED-4772-AA41-9C4113DD0C2E}.Debug|x86.ActiveCfg = Debug|Any CPU
		{2B5E9988-BDED-4772-AA41-9C4113DD0C2E}.Release|Any CPU.ActiveCfg = Release|Any CPU
		{2B5E9988-BDED-4772-AA41-9C4113DD0C2E}.Release|Any CPU.Build.0 = Release|Any CPU
		{2B5E9988-BDED-4772-AA41-9C4113DD0C2E}.Release|Mixed Platforms.ActiveCfg = Release|Any CPU
		{2B5E9988-BDED-4772-AA41-9C4113DD0C2E}.Release|Mixed Platforms.Build.0 = Release|Any CPU
		{2B5E9988-BDED-4772-AA41-9C4113DD0C2E}.Release|x86.ActiveCfg = Release|Any CPU
		{36143339-3CBE-44A0-8605-5A5953032AF1}.Debug|Any CPU.ActiveCfg = Debug|Any CPU
		{36143339-3CBE-44A0-8605-5A5953032AF1}.Debug|Any CPU.Build.0 = Debug|Any CPU
		{36143339-3CBE-44A0-8605-5A5953032AF1}.Debug|Mixed Platforms.ActiveCfg = Debug|Any CPU
		{36143339-3CBE-44A0-8605-5A5953032AF1}.Debug|Mixed Platforms.Build.0 = Debug|Any CPU
		{36143339-3CBE-44A0-8605-5A5953032AF1}.Debug|x86.ActiveCfg = Debug|Any CPU
		{36143339-3CBE-44A0-8605-5A5953032AF1}.Release|Any CPU.ActiveCfg = Release|Any CPU
		{36143339-3CBE-44A0-8605-5A5953032AF1}.Release|Any CPU.Build.0 = Release|Any CPU
		{36143339-3CBE-44A0-8605-5A5953032AF1}.Release|Mixed Platforms.ActiveCfg = Release|Any CPU
		{36143339-3CBE-44A0-8605-5A5953032AF1}.Release|Mixed Platforms.Build.0 = Release|Any CPU
		{36143339-3CBE-44A0-8605-5A5953032AF1}.Release|x86.ActiveCfg = Release|Any CPU
		{0F583EC0-6849-4125-8C81-496C9B9E5FB9}.Debug|Any CPU.ActiveCfg = Debug|Any CPU
		{0F583EC0-6849-4125-8C81-496C9B9E5FB9}.Debug|Any CPU.Build.0 = Debug|Any CPU
		{0F583EC0-6849-4125-8C81-496C9B9E5FB9}.Debug|Mixed Platforms.ActiveCfg = Debug|Any CPU
		{0F583EC0-6849-4125-8C81-496C9B9E5FB9}.Debug|Mixed Platforms.Build.0 = Debug|Any CPU
		{0F583EC0-6849-4125-8C81-496C9B9E5FB9}.Debug|x86.ActiveCfg = Debug|Any CPU
		{0F583EC0-6849-4125-8C81-496C9B9E5FB9}.Release|Any CPU.ActiveCfg = Release|Any CPU
		{0F583EC0-6849-4125-8C81-496C9B9E5FB9}.Release|Any CPU.Build.0 = Release|Any CPU
		{0F583EC0-6849-4125-8C81-496C9B9E5FB9}.Release|Mixed Platforms.ActiveCfg = Release|Any CPU
		{0F583EC0-6849-4125-8C81-496C9B9E5FB9}.Release|Mixed Platforms.Build.0 = Release|Any CPU
		{0F583EC0-6849-4125-8C81-496C9B9E5FB9}.Release|x86.ActiveCfg = Release|Any CPU
		{0EF701E6-38C8-40D8-B523-54D46286B631}.Debug|Any CPU.ActiveCfg = Debug|Any CPU
		{0EF701E6-38C8-40D8-B523-54D46286B631}.Debug|Any CPU.Build.0 = Debug|Any CPU
		{0EF701E6-38C8-40D8-B523-54D46286B631}.Debug|Mixed Platforms.ActiveCfg = Debug|Any CPU
		{0EF701E6-38C8-40D8-B523-54D46286B631}.Debug|Mixed Platforms.Build.0 = Debug|Any CPU
		{0EF701E6-38C8-40D8-B523-54D46286B631}.Debug|x86.ActiveCfg = Debug|Any CPU
		{0EF701E6-38C8-40D8-B523-54D46286B631}.Release|Any CPU.ActiveCfg = Release|Any CPU
		{0EF701E6-38C8-40D8-B523-54D46286B631}.Release|Any CPU.Build.0 = Release|Any CPU
		{0EF701E6-38C8-40D8-B523-54D46286B631}.Release|Mixed Platforms.ActiveCfg = Release|Any CPU
		{0EF701E6-38C8-40D8-B523-54D46286B631}.Release|Mixed Platforms.Build.0 = Release|Any CPU
		{0EF701E6-38C8-40D8-B523-54D46286B631}.Release|x86.ActiveCfg = Release|Any CPU
		{0B99047C-2BB1-4701-BFED-9684D4D14715}.Debug|Any CPU.ActiveCfg = Debug|Any CPU
		{0B99047C-2BB1-4701-BFED-9684D4D14715}.Debug|Any CPU.Build.0 = Debug|Any CPU
		{0B99047C-2BB1-4701-BFED-9684D4D14715}.Debug|Mixed Platforms.ActiveCfg = Debug|Any CPU
		{0B99047C-2BB1-4701-BFED-9684D4D14715}.Debug|Mixed Platforms.Build.0 = Debug|Any CPU
		{0B99047C-2BB1-4701-BFED-9684D4D14715}.Debug|x86.ActiveCfg = Debug|Any CPU
		{0B99047C-2BB1-4701-BFED-9684D4D14715}.Release|Any CPU.ActiveCfg = Release|Any CPU
		{0B99047C-2BB1-4701-BFED-9684D4D14715}.Release|Any CPU.Build.0 = Release|Any CPU
		{0B99047C-2BB1-4701-BFED-9684D4D14715}.Release|Mixed Platforms.ActiveCfg = Release|Any CPU
		{0B99047C-2BB1-4701-BFED-9684D4D14715}.Release|Mixed Platforms.Build.0 = Release|Any CPU
		{0B99047C-2BB1-4701-BFED-9684D4D14715}.Release|x86.ActiveCfg = Release|Any CPU
		{25EA5BBA-7697-4D1F-91DB-1476FDD1169D}.Debug|Any CPU.ActiveCfg = Debug|Any CPU
		{25EA5BBA-7697-4D1F-91DB-1476FDD1169D}.Debug|Any CPU.Build.0 = Debug|Any CPU
		{25EA5BBA-7697-4D1F-91DB-1476FDD1169D}.Debug|Mixed Platforms.ActiveCfg = Debug|Any CPU
		{25EA5BBA-7697-4D1F-91DB-1476FDD1169D}.Debug|Mixed Platforms.Build.0 = Debug|Any CPU
		{25EA5BBA-7697-4D1F-91DB-1476FDD1169D}.Debug|x86.ActiveCfg = Debug|Any CPU
		{25EA5BBA-7697-4D1F-91DB-1476FDD1169D}.Release|Any CPU.ActiveCfg = Release|Any CPU
		{25EA5BBA-7697-4D1F-91DB-1476FDD1169D}.Release|Any CPU.Build.0 = Release|Any CPU
		{25EA5BBA-7697-4D1F-91DB-1476FDD1169D}.Release|Mixed Platforms.ActiveCfg = Release|Any CPU
		{25EA5BBA-7697-4D1F-91DB-1476FDD1169D}.Release|Mixed Platforms.Build.0 = Release|Any CPU
		{25EA5BBA-7697-4D1F-91DB-1476FDD1169D}.Release|x86.ActiveCfg = Release|Any CPU
	EndGlobalSection
	GlobalSection(SolutionProperties) = preSolution
		HideSolutionNode = FALSE
	EndGlobalSection
	GlobalSection(NestedProjects) = preSolution
		{5FF96FA6-D008-4096-9720-D3DEE3482ACF} = {BA299CDD-413E-4361-B50F-04A526C7B080}
		{0B99047C-2BB1-4701-BFED-9684D4D14715} = {BA299CDD-413E-4361-B50F-04A526C7B080}
		{0F1AE509-CA57-40A4-8DB9-38DA151F580C} = {B2AC66F5-683A-43AD-9C7F-7AA100101D45}
		{13AA7F83-9636-461D-AFE1-14B0665D421E} = {B2AC66F5-683A-43AD-9C7F-7AA100101D45}
		{009DCFE2-1F01-48BF-8366-29621BD480D1} = {B2AC66F5-683A-43AD-9C7F-7AA100101D45}
		{1D4ED371-3C6E-41C8-9012-381AA5DB7DF2} = {B2AC66F5-683A-43AD-9C7F-7AA100101D45}
		{0F583EC0-6849-4125-8C81-496C9B9E5FB9} = {1D4ED371-3C6E-41C8-9012-381AA5DB7DF2}
		{0EF701E6-38C8-40D8-B523-54D46286B631} = {1D4ED371-3C6E-41C8-9012-381AA5DB7DF2}
	EndGlobalSection
EndGlobal
